{"version":4,"terraform_version":"1.10.1","serial":6,"lineage":"39f61a60-ca68-186b-be17-300347e30fe4","outputs":{"instance_names":{"value":["aj-iacm-instance-0","aj-iacm-instance-1"],"type":["tuple",["string","string"]]},"instance_private_ips":{"value":["10.142.0.21","10.142.0.69"],"type":["tuple",["string","string"]]},"instance_public_ips":{"value":["35.185.103.231","34.23.238.22"],"type":["tuple",["string","string"]]}},"resources":[{"mode":"managed","type":"google_compute_instance","name":"web_server","provider":"provider[\"registry.opentofu.org/hashicorp/google\"]","instances":[{"index_key":0,"schema_version":6,"attributes":{"advanced_machine_features":[],"allow_stopping_for_update":null,"attached_disk":[],"boot_disk":[{"auto_delete":true,"device_name":"persistent-disk-0","disk_encryption_key_raw":"","disk_encryption_key_sha256":"","initialize_params":[{"enable_confidential_compute":false,"image":"https://www.googleapis.com/compute/v1/projects/debian-cloud/global/images/debian-12-bookworm-v20250812","labels":{},"provisioned_iops":0,"provisioned_throughput":0,"resource_manager_tags":null,"size":10,"storage_pool":"","type":"pd-standard"}],"kms_key_self_link":"","mode":"READ_WRITE","source":"https://www.googleapis.com/compute/v1/projects/sales-209522/zones/us-east1-b/disks/aj-iacm-instance-0"}],"can_ip_forward":false,"confidential_instance_config":[],"cpu_platform":"Intel Broadwell","current_status":"RUNNING","deletion_protection":false,"description":"","desired_status":null,"effective_labels":{},"enable_display":false,"guest_accelerator":[],"hostname":"","id":"projects/sales-209522/zones/us-east1-b/instances/aj-iacm-instance-0","instance_id":"5870072913353074157","label_fingerprint":"42WmSpB8rSM=","labels":null,"machine_type":"e2-micro","metadata":{"created-by":"opentofu"},"metadata_fingerprint":"qXhjswX31sM=","metadata_startup_script":null,"min_cpu_platform":"","name":"aj-iacm-instance-0","network_interface":[{"access_config":[{"nat_ip":"35.185.103.231","network_tier":"PREMIUM","public_ptr_domain_name":""}],"alias_ip_range":[],"internal_ipv6_prefix_length":0,"ipv6_access_config":[],"ipv6_access_type":"","ipv6_address":"","name":"nic0","network":"https://www.googleapis.com/compute/v1/projects/sales-209522/global/networks/default","network_ip":"10.142.0.21","nic_type":"","queue_count":0,"stack_type":"IPV4_ONLY","subnetwork":"https://www.googleapis.com/compute/v1/projects/sales-209522/regions/us-east1/subnetworks/default","subnetwork_project":"sales-209522"}],"network_performance_config":[],"params":[],"project":"sales-209522","reservation_affinity":[],"resource_policies":null,"scheduling":[{"automatic_restart":true,"instance_termination_action":"","local_ssd_recovery_timeout":[],"max_run_duration":[],"min_node_cpus":0,"node_affinities":[],"on_host_maintenance":"MIGRATE","on_instance_stop_action":[],"preemptible":false,"provisioning_model":"STANDARD"}],"scratch_disk":[],"self_link":"https://www.googleapis.com/compute/v1/projects/sales-209522/zones/us-east1-b/instances/aj-iacm-instance-0","service_account":[],"shielded_instance_config":[{"enable_integrity_monitoring":true,"enable_secure_boot":false,"enable_vtpm":true}],"tags":null,"tags_fingerprint":"42WmSpB8rSM=","terraform_labels":{},"timeouts":null,"zone":"us-east1-b"},"sensitive_attributes":[[{"type":"get_attr","value":"boot_disk"},{"type":"index","value":{"value":0,"type":"number"}},{"type":"get_attr","value":"disk_encryption_key_raw"}]],"private":"eyJlMmJmYjczMC1lY2FhLTExZTYtOGY4OC0zNDM2M2JjN2M0YzAiOnsiY3JlYXRlIjoxMjAwMDAwMDAwMDAwLCJkZWxldGUiOjEyMDAwMDAwMDAwMDAsInVwZGF0ZSI6MTIwMDAwMDAwMDAwMH0sInNjaGVtYV92ZXJzaW9uIjoiNiJ9"},{"index_key":1,"schema_version":6,"attributes":{"advanced_machine_features":[],"allow_stopping_for_update":null,"attached_disk":[],"boot_disk":[{"auto_delete":true,"device_name":"persistent-disk-0","disk_encryption_key_raw":"","disk_encryption_key_sha256":"","initialize_params":[{"enable_confidential_compute":false,"image":"https://www.googleapis.com/compute/v1/projects/debian-cloud/global/images/debian-12-bookworm-v20250812","labels":{},"provisioned_iops":0,"provisioned_throughput":0,"resource_manager_tags":null,"size":10,"storage_pool":"","type":"pd-standard"}],"kms_key_self_link":"","mode":"READ_WRITE","source":"https://www.googleapis.com/compute/v1/projects/sales-209522/zones/us-east1-b/disks/aj-iacm-instance-1"}],"can_ip_forward":false,"confidential_instance_config":[],"cpu_platform":"Intel Broadwell","current_status":"RUNNING","deletion_protection":false,"description":"","desired_status":null,"effective_labels":{},"enable_display":false,"guest_accelerator":[],"hostname":"","id":"projects/sales-209522/zones/us-east1-b/instances/aj-iacm-instance-1","instance_id":"8857740761036056045","label_fingerprint":"42WmSpB8rSM=","labels":null,"machine_type":"e2-micro","metadata":{"created-by":"opentofu"},"metadata_fingerprint":"qXhjswX31sM=","metadata_startup_script":null,"min_cpu_platform":"","name":"aj-iacm-instance-1","network_interface":[{"access_config":[{"nat_ip":"34.23.238.22","network_tier":"PREMIUM","public_ptr_domain_name":""}],"alias_ip_range":[],"internal_ipv6_prefix_length":0,"ipv6_access_config":[],"ipv6_access_type":"","ipv6_address":"","name":"nic0","network":"https://www.googleapis.com/compute/v1/projects/sales-209522/global/networks/default","network_ip":"10.142.0.69","nic_type":"","queue_count":0,"stack_type":"IPV4_ONLY","subnetwork":"https://www.googleapis.com/compute/v1/projects/sales-209522/regions/us-east1/subnetworks/default","subnetwork_project":"sales-209522"}],"network_performance_config":[],"params":[],"project":"sales-209522","reservation_affinity":[],"resource_policies":null,"scheduling":[{"automatic_restart":true,"instance_termination_action":"","local_ssd_recovery_timeout":[],"max_run_duration":[],"min_node_cpus":0,"node_affinities":[],"on_host_maintenance":"MIGRATE","on_instance_stop_action":[],"preemptible":false,"provisioning_model":"STANDARD"}],"scratch_disk":[],"self_link":"https://www.googleapis.com/compute/v1/projects/sales-209522/zones/us-east1-b/instances/aj-iacm-instance-1","service_account":[],"shielded_instance_config":[{"enable_integrity_monitoring":true,"enable_secure_boot":false,"enable_vtpm":true}],"tags":null,"tags_fingerprint":"42WmSpB8rSM=","terraform_labels":{},"timeouts":null,"zone":"us-east1-b"},"sensitive_attributes":[[{"type":"get_attr","value":"boot_disk"},{"type":"index","value":{"value":0,"type":"number"}},{"type":"get_attr","value":"disk_encryption_key_raw"}]],"private":"eyJlMmJmYjczMC1lY2FhLTExZTYtOGY4OC0zNDM2M2JjN2M0YzAiOnsiY3JlYXRlIjoxMjAwMDAwMDAwMDAwLCJkZWxldGUiOjEyMDAwMDAwMDAwMDAsInVwZGF0ZSI6MTIwMDAwMDAwMDAwMH0sInNjaGVtYV92ZXJzaW9uIjoiNiJ9"}]}],"check_results":null}
